
Microsoft Visual Studio Solution File, Format Version 12.00
# Visual Studio Version 17
VisualStudioVersion = 17.1.32407.343
MinimumVisualStudioVersion = 10.0.40219.1
Project("{FAE04EC0-301F-11D3-BF4B-00C04F79EFBC}") = "DeclariablesPractice", "DeclariablesPractice\DeclariablesPractice.csproj", "{F6CC5690-97BF-46BB-8EE7-57E0AD9A18A5}"
EndProject
Global
	GlobalSection(SolutionConfigurationPlatforms) = preSolution
		Debug|Any CPU = Debug|Any CPU
		Release|Any CPU = Release|Any CPU
	EndGlobalSection
	GlobalSection(ProjectConfigurationPlatforms) = postSolution
		{F6CC5690-97BF-46BB-8EE7-57E0AD9A18A5}.Debug|Any CPU.ActiveCfg = Debug|Any CPU
		{F6CC5690-97BF-46BB-8EE7-57E0AD9A18A5}.Debug|Any CPU.Build.0 = Debug|Any CPU
		{F6CC5690-97BF-46BB-8EE7-57E0AD9A18A5}.Release|Any CPU.ActiveCfg = Release|Any CPU
		{F6CC5690-97BF-46BB-8EE7-57E0AD9A18A5}.Release|Any CPU.Build.0 = Release|Any CPU
	EndGlobalSection
	GlobalSection(SolutionProperties) = preSolution
		HideSolutionNode = FALSE
	EndGlobalSection
	GlobalSection(ExtensibilityGlobals) = postSolution
		SolutionGuid = {D13A6213-9DF1-4CD4-B57C-6706AD6E208D}
	EndGlobalSection
EndGlobal
